
Microsoft Visual Studio Solution File, Format Version 12.00
# Visual Studio Version 17
VisualStudioVersion = 17.4.33103.184
MinimumVisualStudioVersion = 10.0.40219.1
Project("{9A19103F-16F7-4668-BE54-9A1E7A4F7556}") = "Parametrization", "src\parametrization\Parametrization.csproj", "{DE3E951F-D54A-4179-A354-0F0F6619252D}"
EndProject
Project("{FAE04EC0-301F-11D3-BF4B-00C04F79EFBC}") = "SpaceContext", "src\space\SpaceContext.csproj", "{FB805213-98F4-4688-87DB-5C1394A57991}"
EndProject
Project("{9A19103F-16F7-4668-BE54-9A1E7A4F7556}") = "Parametrization.Tests", "src\tests\Parametrization.Tests.csproj", "{0FE70B7D-F6F6-4BD2-B67B-940F5BFB6C66}"
EndProject
Global
	GlobalSection(SolutionConfigurationPlatforms) = preSolution
		Debug|Any CPU = Debug|Any CPU
		Release|Any CPU = Release|Any CPU
	EndGlobalSection
	GlobalSection(ProjectConfigurationPlatforms) = postSolution
		{DE3E951F-D54A-4179-A354-0F0F6619252D}.Debug|Any CPU.ActiveCfg = Debug|Any CPU
		{DE3E951F-D54A-4179-A354-0F0F6619252D}.Debug|Any CPU.Build.0 = Debug|Any CPU
		{DE3E951F-D54A-4179-A354-0F0F6619252D}.Release|Any CPU.ActiveCfg = Release|Any CPU
		{DE3E951F-D54A-4179-A354-0F0F6619252D}.Release|Any CPU.Build.0 = Release|Any CPU
		{FB805213-98F4-4688-87DB-5C1394A57991}.Debug|Any CPU.ActiveCfg = Debug|Any CPU
		{FB805213-98F4-4688-87DB-5C1394A57991}.Debug|Any CPU.Build.0 = Debug|Any CPU
		{FB805213-98F4-4688-87DB-5C1394A57991}.Release|Any CPU.ActiveCfg = Release|Any CPU
		{FB805213-98F4-4688-87DB-5C1394A57991}.Release|Any CPU.Build.0 = Release|Any CPU
		{0FE70B7D-F6F6-4BD2-B67B-940F5BFB6C66}.Debug|Any CPU.ActiveCfg = Debug|Any CPU
		{0FE70B7D-F6F6-4BD2-B67B-940F5BFB6C66}.Debug|Any CPU.Build.0 = Debug|Any CPU
		{0FE70B7D-F6F6-4BD2-B67B-940F5BFB6C66}.Release|Any CPU.ActiveCfg = Release|Any CPU
		{0FE70B7D-F6F6-4BD2-B67B-940F5BFB6C66}.Release|Any CPU.Build.0 = Release|Any CPU
	EndGlobalSection
	GlobalSection(SolutionProperties) = preSolution
		HideSolutionNode = FALSE
	EndGlobalSection
	GlobalSection(ExtensibilityGlobals) = postSolution
		SolutionGuid = {E4B53B52-B2AE-4851-84FE-2531425BF636}
	EndGlobalSection
EndGlobal
